
Microsoft Visual Studio Solution File, Format Version 12.00
# Visual Studio 15
Project("{FAE04EC0-301F-11D3-BF4B-00C04F79EFBC}") = "NewRainbowShooter", "Assembly-CSharp.csproj", "{DD5000AC-685A-59F1-0F6E-40951F7B50D8}"
EndProject
Project("{FAE04EC0-301F-11D3-BF4B-00C04F79EFBC}") = "NewRainbowShooter", "Assembly-CSharp-Editor.csproj", "{1C937938-71A5-F2CB-9DB1-C0E235DC9AA7}"
EndProject
Global
	GlobalSection(SolutionConfigurationPlatforms) = preSolution
		Debug|Any CPU = Debug|Any CPU
		Release|Any CPU = Release|Any CPU
	EndGlobalSection
	GlobalSection(ProjectConfigurationPlatforms) = postSolution
		{DD5000AC-685A-59F1-0F6E-40951F7B50D8}.Debug|Any CPU.ActiveCfg = Debug|Any CPU
		{DD5000AC-685A-59F1-0F6E-40951F7B50D8}.Debug|Any CPU.Build.0 = Debug|Any CPU
		{DD5000AC-685A-59F1-0F6E-40951F7B50D8}.Release|Any CPU.ActiveCfg = Release|Any CPU
		{DD5000AC-685A-59F1-0F6E-40951F7B50D8}.Release|Any CPU.Build.0 = Release|Any CPU
		{1C937938-71A5-F2CB-9DB1-C0E235DC9AA7}.Debug|Any CPU.ActiveCfg = Debug|Any CPU
		{1C937938-71A5-F2CB-9DB1-C0E235DC9AA7}.Debug|Any CPU.Build.0 = Debug|Any CPU
		{1C937938-71A5-F2CB-9DB1-C0E235DC9AA7}.Release|Any CPU.ActiveCfg = Release|Any CPU
		{1C937938-71A5-F2CB-9DB1-C0E235DC9AA7}.Release|Any CPU.Build.0 = Release|Any CPU
	EndGlobalSection
	GlobalSection(SolutionProperties) = preSolution
		HideSolutionNode = FALSE
	EndGlobalSection
EndGlobal
