
Microsoft Visual Studio Solution File, Format Version 12.00
# Visual Studio 15
Project("{FAE04EC0-301F-11D3-BF4B-00C04F79EFBC}") = "NewRainbowShooter Jacob backup 6", "Assembly-CSharp.csproj", "{344505E7-E95A-1C62-BC3A-63EEE78D7700}"
EndProject
Project("{FAE04EC0-301F-11D3-BF4B-00C04F79EFBC}") = "NewRainbowShooter Jacob backup 6", "Assembly-CSharp-Editor.csproj", "{5AC0128F-A24C-3E9D-E398-8B57671925E9}"
EndProject
Global
	GlobalSection(SolutionConfigurationPlatforms) = preSolution
		Debug|Any CPU = Debug|Any CPU
		Release|Any CPU = Release|Any CPU
	EndGlobalSection
	GlobalSection(ProjectConfigurationPlatforms) = postSolution
		{344505E7-E95A-1C62-BC3A-63EEE78D7700}.Debug|Any CPU.ActiveCfg = Debug|Any CPU
		{344505E7-E95A-1C62-BC3A-63EEE78D7700}.Debug|Any CPU.Build.0 = Debug|Any CPU
		{344505E7-E95A-1C62-BC3A-63EEE78D7700}.Release|Any CPU.ActiveCfg = Release|Any CPU
		{344505E7-E95A-1C62-BC3A-63EEE78D7700}.Release|Any CPU.Build.0 = Release|Any CPU
		{5AC0128F-A24C-3E9D-E398-8B57671925E9}.Debug|Any CPU.ActiveCfg = Debug|Any CPU
		{5AC0128F-A24C-3E9D-E398-8B57671925E9}.Debug|Any CPU.Build.0 = Debug|Any CPU
		{5AC0128F-A24C-3E9D-E398-8B57671925E9}.Release|Any CPU.ActiveCfg = Release|Any CPU
		{5AC0128F-A24C-3E9D-E398-8B57671925E9}.Release|Any CPU.Build.0 = Release|Any CPU
	EndGlobalSection
	GlobalSection(SolutionProperties) = preSolution
		HideSolutionNode = FALSE
	EndGlobalSection
EndGlobal
