
Microsoft Visual Studio Solution File, Format Version 12.00
# Visual Studio 15
Project("{FAE04EC0-301F-11D3-BF4B-00C04F79EFBC}") = "Rainbow Shooter Ver2.0", "Assembly-CSharp.csproj", "{BD51B92C-1945-FA1C-316B-CDADAD922015}"
EndProject
Global
	GlobalSection(SolutionConfigurationPlatforms) = preSolution
		Debug|Any CPU = Debug|Any CPU
		Release|Any CPU = Release|Any CPU
	EndGlobalSection
	GlobalSection(ProjectConfigurationPlatforms) = postSolution
		{BD51B92C-1945-FA1C-316B-CDADAD922015}.Debug|Any CPU.ActiveCfg = Debug|Any CPU
		{BD51B92C-1945-FA1C-316B-CDADAD922015}.Debug|Any CPU.Build.0 = Debug|Any CPU
		{BD51B92C-1945-FA1C-316B-CDADAD922015}.Release|Any CPU.ActiveCfg = Release|Any CPU
		{BD51B92C-1945-FA1C-316B-CDADAD922015}.Release|Any CPU.Build.0 = Release|Any CPU
	EndGlobalSection
	GlobalSection(SolutionProperties) = preSolution
		HideSolutionNode = FALSE
	EndGlobalSection
EndGlobal
