
Microsoft Visual Studio Solution File, Format Version 12.00
# Visual Studio 15
Project("{FAE04EC0-301F-11D3-BF4B-00C04F79EFBC}") = "RainbowShooterVer4.0", "Assembly-CSharp.csproj", "{A6BEE762-6BAB-0D58-BE03-E2556D685FDC}"
EndProject
Project("{FAE04EC0-301F-11D3-BF4B-00C04F79EFBC}") = "RainbowShooterVer4.0", "Assembly-CSharp-Editor.csproj", "{89DF0D4F-72FD-DA0E-B174-5A119E6D5C0E}"
EndProject
Global
	GlobalSection(SolutionConfigurationPlatforms) = preSolution
		Debug|Any CPU = Debug|Any CPU
		Release|Any CPU = Release|Any CPU
	EndGlobalSection
	GlobalSection(ProjectConfigurationPlatforms) = postSolution
		{A6BEE762-6BAB-0D58-BE03-E2556D685FDC}.Debug|Any CPU.ActiveCfg = Debug|Any CPU
		{A6BEE762-6BAB-0D58-BE03-E2556D685FDC}.Debug|Any CPU.Build.0 = Debug|Any CPU
		{A6BEE762-6BAB-0D58-BE03-E2556D685FDC}.Release|Any CPU.ActiveCfg = Release|Any CPU
		{A6BEE762-6BAB-0D58-BE03-E2556D685FDC}.Release|Any CPU.Build.0 = Release|Any CPU
		{89DF0D4F-72FD-DA0E-B174-5A119E6D5C0E}.Debug|Any CPU.ActiveCfg = Debug|Any CPU
		{89DF0D4F-72FD-DA0E-B174-5A119E6D5C0E}.Debug|Any CPU.Build.0 = Debug|Any CPU
		{89DF0D4F-72FD-DA0E-B174-5A119E6D5C0E}.Release|Any CPU.ActiveCfg = Release|Any CPU
		{89DF0D4F-72FD-DA0E-B174-5A119E6D5C0E}.Release|Any CPU.Build.0 = Release|Any CPU
	EndGlobalSection
	GlobalSection(SolutionProperties) = preSolution
		HideSolutionNode = FALSE
	EndGlobalSection
EndGlobal
